
Microsoft Visual Studio Solution File, Format Version 12.00
# Visual Studio Version 16
VisualStudioVersion = 16.0.30717.126
MinimumVisualStudioVersion = 10.0.40219.1
Project("{FAE04EC0-301F-11D3-BF4B-00C04F79EFBC}") = "CourseProject1", "CourseProject1.csproj", "{733A3F0C-966C-402D-9C9B-CEF498927C2F}"
EndProject
Project("{FAE04EC0-301F-11D3-BF4B-00C04F79EFBC}") = "EncryptionAlgorithmTests", "Tests\EncryptionAlgorithmTests\EncryptionAlgorithmTests.csproj", "{CAB1F042-D5A1-4B7B-89BE-3CC99E9B5AB2}"
EndProject
Global
	GlobalSection(SolutionConfigurationPlatforms) = preSolution
		Debug|Any CPU = Debug|Any CPU
		Release|Any CPU = Release|Any CPU
	EndGlobalSection
	GlobalSection(ProjectConfigurationPlatforms) = postSolution
		{733A3F0C-966C-402D-9C9B-CEF498927C2F}.Debug|Any CPU.ActiveCfg = Debug|Any CPU
		{733A3F0C-966C-402D-9C9B-CEF498927C2F}.Debug|Any CPU.Build.0 = Debug|Any CPU
		{733A3F0C-966C-402D-9C9B-CEF498927C2F}.Release|Any CPU.ActiveCfg = Release|Any CPU
		{733A3F0C-966C-402D-9C9B-CEF498927C2F}.Release|Any CPU.Build.0 = Release|Any CPU
		{CAB1F042-D5A1-4B7B-89BE-3CC99E9B5AB2}.Debug|Any CPU.ActiveCfg = Debug|Any CPU
		{CAB1F042-D5A1-4B7B-89BE-3CC99E9B5AB2}.Debug|Any CPU.Build.0 = Debug|Any CPU
		{CAB1F042-D5A1-4B7B-89BE-3CC99E9B5AB2}.Release|Any CPU.ActiveCfg = Release|Any CPU
		{CAB1F042-D5A1-4B7B-89BE-3CC99E9B5AB2}.Release|Any CPU.Build.0 = Release|Any CPU
	EndGlobalSection
	GlobalSection(SolutionProperties) = preSolution
		HideSolutionNode = FALSE
	EndGlobalSection
	GlobalSection(ExtensibilityGlobals) = postSolution
		SolutionGuid = {9286D6A5-61E0-416F-9BBA-8682415B2DF5}
	EndGlobalSection
EndGlobal
